
Microsoft Visual Studio Solution File, Format Version 12.00
# Visual Studio Version 17
VisualStudioVersion = 17.2.32602.215
MinimumVisualStudioVersion = 10.0.40219.1
Project("{9A19103F-16F7-4668-BE54-9A1E7A4F7556}") = "MainCore", "MainCore\MainCore.csproj", "{FAB40282-2D28-40D9-A840-595AA1728515}"
EndProject
Project("{9A19103F-16F7-4668-BE54-9A1E7A4F7556}") = "WebCore", "WebCore\WebCore.csproj", "{594EC801-8437-4371-862C-01813E64AE2B}"
EndProject
Project("{9A19103F-16F7-4668-BE54-9A1E7A4F7556}") = "Core", "Core\Core.csproj", "{7D293E59-7816-44B6-964B-3414FAE83BD2}"
EndProject
Project("{9A19103F-16F7-4668-BE54-9A1E7A4F7556}") = "Domain", "Domain\Domain.csproj", "{D2581E87-4249-4C69-A120-FE64FDE0ED65}"
EndProject
Project("{9A19103F-16F7-4668-BE54-9A1E7A4F7556}") = "Infrastructure", "Infrastructure\Infrastructure.csproj", "{DBCF8C5E-96C6-4D5F-BF8D-A800B13AFC9F}"
EndProject
Project("{9A19103F-16F7-4668-BE54-9A1E7A4F7556}") = "Service", "Service\Service.csproj", "{674A1523-A6FB-4A66-8451-C16953CE58B0}"
EndProject
Project("{9A19103F-16F7-4668-BE54-9A1E7A4F7556}") = "ApiRequest", "ApiRequest\ApiRequest.csproj", "{2ABD35F2-20C4-4F08-9981-DFE668AEB7B3}"
EndProject
Project("{2150E333-8FDC-42A3-9474-1A3956D46DE8}") = "Presentation", "Presentation", "{51B323C2-CBC5-4FBF-8823-2F336875A94D}"
EndProject
Project("{FAE04EC0-301F-11D3-BF4B-00C04F79EFBC}") = "Worker", "Worker\Worker.csproj", "{95F40F55-DFB0-42E5-9DAE-21755C2FDAEA}"
EndProject
Project("{FAE04EC0-301F-11D3-BF4B-00C04F79EFBC}") = "ConsoleConsumer", "ConsoleConsumer\ConsoleConsumer.csproj", "{C441975B-A227-4CD4-9CC6-93B34EAB6FF8}"
EndProject
Global
	GlobalSection(SolutionConfigurationPlatforms) = preSolution
		Debug|Any CPU = Debug|Any CPU
		Release|Any CPU = Release|Any CPU
	EndGlobalSection
	GlobalSection(ProjectConfigurationPlatforms) = postSolution
		{FAB40282-2D28-40D9-A840-595AA1728515}.Debug|Any CPU.ActiveCfg = Debug|Any CPU
		{FAB40282-2D28-40D9-A840-595AA1728515}.Debug|Any CPU.Build.0 = Debug|Any CPU
		{FAB40282-2D28-40D9-A840-595AA1728515}.Release|Any CPU.ActiveCfg = Release|Any CPU
		{FAB40282-2D28-40D9-A840-595AA1728515}.Release|Any CPU.Build.0 = Release|Any CPU
		{594EC801-8437-4371-862C-01813E64AE2B}.Debug|Any CPU.ActiveCfg = Debug|Any CPU
		{594EC801-8437-4371-862C-01813E64AE2B}.Debug|Any CPU.Build.0 = Debug|Any CPU
		{594EC801-8437-4371-862C-01813E64AE2B}.Release|Any CPU.ActiveCfg = Release|Any CPU
		{594EC801-8437-4371-862C-01813E64AE2B}.Release|Any CPU.Build.0 = Release|Any CPU
		{7D293E59-7816-44B6-964B-3414FAE83BD2}.Debug|Any CPU.ActiveCfg = Debug|Any CPU
		{7D293E59-7816-44B6-964B-3414FAE83BD2}.Debug|Any CPU.Build.0 = Debug|Any CPU
		{7D293E59-7816-44B6-964B-3414FAE83BD2}.Release|Any CPU.ActiveCfg = Release|Any CPU
		{7D293E59-7816-44B6-964B-3414FAE83BD2}.Release|Any CPU.Build.0 = Release|Any CPU
		{D2581E87-4249-4C69-A120-FE64FDE0ED65}.Debug|Any CPU.ActiveCfg = Debug|Any CPU
		{D2581E87-4249-4C69-A120-FE64FDE0ED65}.Debug|Any CPU.Build.0 = Debug|Any CPU
		{D2581E87-4249-4C69-A120-FE64FDE0ED65}.Release|Any CPU.ActiveCfg = Release|Any CPU
		{D2581E87-4249-4C69-A120-FE64FDE0ED65}.Release|Any CPU.Build.0 = Release|Any CPU
		{DBCF8C5E-96C6-4D5F-BF8D-A800B13AFC9F}.Debug|Any CPU.ActiveCfg = Debug|Any CPU
		{DBCF8C5E-96C6-4D5F-BF8D-A800B13AFC9F}.Debug|Any CPU.Build.0 = Debug|Any CPU
		{DBCF8C5E-96C6-4D5F-BF8D-A800B13AFC9F}.Release|Any CPU.ActiveCfg = Release|Any CPU
		{DBCF8C5E-96C6-4D5F-BF8D-A800B13AFC9F}.Release|Any CPU.Build.0 = Release|Any CPU
		{674A1523-A6FB-4A66-8451-C16953CE58B0}.Debug|Any CPU.ActiveCfg = Debug|Any CPU
		{674A1523-A6FB-4A66-8451-C16953CE58B0}.Debug|Any CPU.Build.0 = Debug|Any CPU
		{674A1523-A6FB-4A66-8451-C16953CE58B0}.Release|Any CPU.ActiveCfg = Release|Any CPU
		{674A1523-A6FB-4A66-8451-C16953CE58B0}.Release|Any CPU.Build.0 = Release|Any CPU
		{2ABD35F2-20C4-4F08-9981-DFE668AEB7B3}.Debug|Any CPU.ActiveCfg = Debug|Any CPU
		{2ABD35F2-20C4-4F08-9981-DFE668AEB7B3}.Debug|Any CPU.Build.0 = Debug|Any CPU
		{2ABD35F2-20C4-4F08-9981-DFE668AEB7B3}.Release|Any CPU.ActiveCfg = Release|Any CPU
		{2ABD35F2-20C4-4F08-9981-DFE668AEB7B3}.Release|Any CPU.Build.0 = Release|Any CPU
		{95F40F55-DFB0-42E5-9DAE-21755C2FDAEA}.Debug|Any CPU.ActiveCfg = Debug|Any CPU
		{95F40F55-DFB0-42E5-9DAE-21755C2FDAEA}.Debug|Any CPU.Build.0 = Debug|Any CPU
		{95F40F55-DFB0-42E5-9DAE-21755C2FDAEA}.Release|Any CPU.ActiveCfg = Release|Any CPU
		{95F40F55-DFB0-42E5-9DAE-21755C2FDAEA}.Release|Any CPU.Build.0 = Release|Any CPU
		{C441975B-A227-4CD4-9CC6-93B34EAB6FF8}.Debug|Any CPU.ActiveCfg = Debug|Any CPU
		{C441975B-A227-4CD4-9CC6-93B34EAB6FF8}.Debug|Any CPU.Build.0 = Debug|Any CPU
		{C441975B-A227-4CD4-9CC6-93B34EAB6FF8}.Release|Any CPU.ActiveCfg = Release|Any CPU
		{C441975B-A227-4CD4-9CC6-93B34EAB6FF8}.Release|Any CPU.Build.0 = Release|Any CPU
	EndGlobalSection
	GlobalSection(SolutionProperties) = preSolution
		HideSolutionNode = FALSE
	EndGlobalSection
	GlobalSection(NestedProjects) = preSolution
		{FAB40282-2D28-40D9-A840-595AA1728515} = {51B323C2-CBC5-4FBF-8823-2F336875A94D}
		{2ABD35F2-20C4-4F08-9981-DFE668AEB7B3} = {51B323C2-CBC5-4FBF-8823-2F336875A94D}
		{95F40F55-DFB0-42E5-9DAE-21755C2FDAEA} = {51B323C2-CBC5-4FBF-8823-2F336875A94D}
		{C441975B-A227-4CD4-9CC6-93B34EAB6FF8} = {51B323C2-CBC5-4FBF-8823-2F336875A94D}
	EndGlobalSection
	GlobalSection(ExtensibilityGlobals) = postSolution
		SolutionGuid = {356848B2-E8FD-49D2-9E22-75EDE8947E56}
	EndGlobalSection
EndGlobal
